
Microsoft Visual Studio Solution File, Format Version 11.00
# Visual Studio 2010
Project("{FAE04EC0-301F-11D3-BF4B-00C04F79EFBC}") = "DormitoryManagement", "DormitoryManagement\DormitoryManagement.csproj", "{5432E518-204E-431A-90E9-81A8C6F7F082}"
EndProject
Project("{FAE04EC0-301F-11D3-BF4B-00C04F79EFBC}") = "DormitoryManagement.Web", "DormitoryManagement.Web\DormitoryManagement.Web.csproj", "{D3D88867-B66F-4423-B87A-FE6F283EDD43}"
EndProject
Project("{FAE04EC0-301F-11D3-BF4B-00C04F79EFBC}") = "DormitoryManagement.Web.Test", "DormitoryManagement.Test\DormitoryManagement.Web.Test.csproj", "{F1F5673E-10F5-45FD-9590-A40624BB67FB}"
EndProject
Project("{FAE04EC0-301F-11D3-BF4B-00C04F79EFBC}") = "MyFramework", "MyFramework\MyFramework.csproj", "{87710BD8-1516-4E6D-BBDA-A03F0F3AB0FD}"
EndProject
Global
	GlobalSection(SolutionConfigurationPlatforms) = preSolution
		Debug|Any CPU = Debug|Any CPU
		Debug|Mixed Platforms = Debug|Mixed Platforms
		Debug|x86 = Debug|x86
		Release|Any CPU = Release|Any CPU
		Release|Mixed Platforms = Release|Mixed Platforms
		Release|x86 = Release|x86
	EndGlobalSection
	GlobalSection(ProjectConfigurationPlatforms) = postSolution
		{5432E518-204E-431A-90E9-81A8C6F7F082}.Debug|Any CPU.ActiveCfg = Debug|Any CPU
		{5432E518-204E-431A-90E9-81A8C6F7F082}.Debug|Any CPU.Build.0 = Debug|Any CPU
		{5432E518-204E-431A-90E9-81A8C6F7F082}.Debug|Mixed Platforms.ActiveCfg = Debug|Any CPU
		{5432E518-204E-431A-90E9-81A8C6F7F082}.Debug|Mixed Platforms.Build.0 = Debug|Any CPU
		{5432E518-204E-431A-90E9-81A8C6F7F082}.Debug|x86.ActiveCfg = Debug|Any CPU
		{5432E518-204E-431A-90E9-81A8C6F7F082}.Release|Any CPU.ActiveCfg = Release|Any CPU
		{5432E518-204E-431A-90E9-81A8C6F7F082}.Release|Any CPU.Build.0 = Release|Any CPU
		{5432E518-204E-431A-90E9-81A8C6F7F082}.Release|Mixed Platforms.ActiveCfg = Release|Any CPU
		{5432E518-204E-431A-90E9-81A8C6F7F082}.Release|Mixed Platforms.Build.0 = Release|Any CPU
		{5432E518-204E-431A-90E9-81A8C6F7F082}.Release|x86.ActiveCfg = Release|Any CPU
		{D3D88867-B66F-4423-B87A-FE6F283EDD43}.Debug|Any CPU.ActiveCfg = Debug|Any CPU
		{D3D88867-B66F-4423-B87A-FE6F283EDD43}.Debug|Any CPU.Build.0 = Debug|Any CPU
		{D3D88867-B66F-4423-B87A-FE6F283EDD43}.Debug|Mixed Platforms.ActiveCfg = Debug|Any CPU
		{D3D88867-B66F-4423-B87A-FE6F283EDD43}.Debug|Mixed Platforms.Build.0 = Debug|Any CPU
		{D3D88867-B66F-4423-B87A-FE6F283EDD43}.Debug|x86.ActiveCfg = Debug|Any CPU
		{D3D88867-B66F-4423-B87A-FE6F283EDD43}.Release|Any CPU.ActiveCfg = Release|Any CPU
		{D3D88867-B66F-4423-B87A-FE6F283EDD43}.Release|Any CPU.Build.0 = Release|Any CPU
		{D3D88867-B66F-4423-B87A-FE6F283EDD43}.Release|Mixed Platforms.ActiveCfg = Release|Any CPU
		{D3D88867-B66F-4423-B87A-FE6F283EDD43}.Release|Mixed Platforms.Build.0 = Release|Any CPU
		{D3D88867-B66F-4423-B87A-FE6F283EDD43}.Release|x86.ActiveCfg = Release|Any CPU
		{F1F5673E-10F5-45FD-9590-A40624BB67FB}.Debug|Any CPU.ActiveCfg = Debug|Any CPU
		{F1F5673E-10F5-45FD-9590-A40624BB67FB}.Debug|Any CPU.Build.0 = Debug|Any CPU
		{F1F5673E-10F5-45FD-9590-A40624BB67FB}.Debug|Mixed Platforms.ActiveCfg = Debug|Any CPU
		{F1F5673E-10F5-45FD-9590-A40624BB67FB}.Debug|Mixed Platforms.Build.0 = Debug|Any CPU
		{F1F5673E-10F5-45FD-9590-A40624BB67FB}.Debug|x86.ActiveCfg = Debug|Any CPU
		{F1F5673E-10F5-45FD-9590-A40624BB67FB}.Release|Any CPU.ActiveCfg = Release|Any CPU
		{F1F5673E-10F5-45FD-9590-A40624BB67FB}.Release|Any CPU.Build.0 = Release|Any CPU
		{F1F5673E-10F5-45FD-9590-A40624BB67FB}.Release|Mixed Platforms.ActiveCfg = Release|Any CPU
		{F1F5673E-10F5-45FD-9590-A40624BB67FB}.Release|Mixed Platforms.Build.0 = Release|Any CPU
		{F1F5673E-10F5-45FD-9590-A40624BB67FB}.Release|x86.ActiveCfg = Release|Any CPU
		{87710BD8-1516-4E6D-BBDA-A03F0F3AB0FD}.Debug|Any CPU.ActiveCfg = Debug|Any CPU
		{87710BD8-1516-4E6D-BBDA-A03F0F3AB0FD}.Debug|Any CPU.Build.0 = Debug|Any CPU
		{87710BD8-1516-4E6D-BBDA-A03F0F3AB0FD}.Debug|Mixed Platforms.ActiveCfg = Debug|Any CPU
		{87710BD8-1516-4E6D-BBDA-A03F0F3AB0FD}.Debug|Mixed Platforms.Build.0 = Debug|Any CPU
		{87710BD8-1516-4E6D-BBDA-A03F0F3AB0FD}.Debug|x86.ActiveCfg = Debug|Any CPU
		{87710BD8-1516-4E6D-BBDA-A03F0F3AB0FD}.Release|Any CPU.ActiveCfg = Release|Any CPU
		{87710BD8-1516-4E6D-BBDA-A03F0F3AB0FD}.Release|Any CPU.Build.0 = Release|Any CPU
		{87710BD8-1516-4E6D-BBDA-A03F0F3AB0FD}.Release|Mixed Platforms.ActiveCfg = Release|Any CPU
		{87710BD8-1516-4E6D-BBDA-A03F0F3AB0FD}.Release|Mixed Platforms.Build.0 = Release|Any CPU
		{87710BD8-1516-4E6D-BBDA-A03F0F3AB0FD}.Release|x86.ActiveCfg = Release|Any CPU
	EndGlobalSection
	GlobalSection(SolutionProperties) = preSolution
		HideSolutionNode = FALSE
	EndGlobalSection
EndGlobal
